
Microsoft Visual Studio Solution File, Format Version 12.00
# Visual Studio 2013
VisualStudioVersion = 12.0.21005.1
MinimumVisualStudioVersion = 10.0.40219.1
Project("{FAE04EC0-301F-11D3-BF4B-00C04F79EFBC}") = "Battleship", "Battleship\Battleship.csproj", "{CEEFCB17-59C7-4BD5-88B4-99F78ED5CBFD}"
EndProject
Project("{FAE04EC0-301F-11D3-BF4B-00C04F79EFBC}") = "BattleShip-Serveur", "BattleShip-Serveur\BattleShip-Serveur.csproj", "{1CA46FFD-EBEA-4D96-9BC2-53A7333E0B63}"
EndProject
Project("{FAE04EC0-301F-11D3-BF4B-00C04F79EFBC}") = "FlashButton", "FlashButton\FlashButton.csproj", "{40C1D7BC-D569-43AF-8C32-B0612D862F58}"
EndProject
Global
	GlobalSection(SolutionConfigurationPlatforms) = preSolution
		Debug|Any CPU = Debug|Any CPU
		Release|Any CPU = Release|Any CPU
	EndGlobalSection
	GlobalSection(ProjectConfigurationPlatforms) = postSolution
		{CEEFCB17-59C7-4BD5-88B4-99F78ED5CBFD}.Debug|Any CPU.ActiveCfg = Debug|Any CPU
		{CEEFCB17-59C7-4BD5-88B4-99F78ED5CBFD}.Debug|Any CPU.Build.0 = Debug|Any CPU
		{CEEFCB17-59C7-4BD5-88B4-99F78ED5CBFD}.Release|Any CPU.ActiveCfg = Release|Any CPU
		{CEEFCB17-59C7-4BD5-88B4-99F78ED5CBFD}.Release|Any CPU.Build.0 = Release|Any CPU
		{1CA46FFD-EBEA-4D96-9BC2-53A7333E0B63}.Debug|Any CPU.ActiveCfg = Debug|Any CPU
		{1CA46FFD-EBEA-4D96-9BC2-53A7333E0B63}.Debug|Any CPU.Build.0 = Debug|Any CPU
		{1CA46FFD-EBEA-4D96-9BC2-53A7333E0B63}.Release|Any CPU.ActiveCfg = Release|Any CPU
		{1CA46FFD-EBEA-4D96-9BC2-53A7333E0B63}.Release|Any CPU.Build.0 = Release|Any CPU
		{40C1D7BC-D569-43AF-8C32-B0612D862F58}.Debug|Any CPU.ActiveCfg = Debug|Any CPU
		{40C1D7BC-D569-43AF-8C32-B0612D862F58}.Debug|Any CPU.Build.0 = Debug|Any CPU
		{40C1D7BC-D569-43AF-8C32-B0612D862F58}.Release|Any CPU.ActiveCfg = Release|Any CPU
		{40C1D7BC-D569-43AF-8C32-B0612D862F58}.Release|Any CPU.Build.0 = Release|Any CPU
	EndGlobalSection
	GlobalSection(SolutionProperties) = preSolution
		HideSolutionNode = FALSE
	EndGlobalSection
EndGlobal
